// !$*UTF8*$!
{
	archiveVersion = 1;
	classes = {
	};
	objectVersion = 54;
	objects = {

/* Begin PBXBuildFile section */
		1CDFEE3324ED550C003D5B65 /* AppDelegate.swift in Sources */ = {isa = PBXBuildFile; fileRef = 1CDFEE3224ED550C003D5B65 /* AppDelegate.swift */; };
		1CDFEE3A24ED550C003D5B65 /* Main.storyboard in Resources */ = {isa = PBXBuildFile; fileRef = 1CDFEE3824ED550C003D5B65 /* Main.storyboard */; };
		1CDFEE3F24ED5512003D5B65 /* LaunchScreen.storyboard in Resources */ = {isa = PBXBuildFile; fileRef = 1CDFEE3D24ED5512003D5B65 /* LaunchScreen.storyboard */; };
		1CDFEE4724ED5967003D5B65 /* ApiManager.swift in Sources */ = {isa = PBXBuildFile; fileRef = 1CDFEE4624ED5967003D5B65 /* ApiManager.swift */; };
		1CDFEE4A24ED5982003D5B65 /* NewsTableViewCell.swift in Sources */ = {isa = PBXBuildFile; fileRef = 1CDFEE4824ED5982003D5B65 /* NewsTableViewCell.swift */; };
		1CDFEE4B24ED5982003D5B65 /* NewsTableViewCell.xib in Resources */ = {isa = PBXBuildFile; fileRef = 1CDFEE4924ED5982003D5B65 /* NewsTableViewCell.xib */; };
		1CDFEE4D24ED6325003D5B65 /* NewsEntity.swift in Sources */ = {isa = PBXBuildFile; fileRef = 1CDFEE4C24ED6325003D5B65 /* NewsEntity.swift */; };
		299B5C61781EA7E52481B7FF /* Pods_NewsApp.framework in Frameworks */ = {isa = PBXBuildFile; fileRef = CAAA03DE752C7B32C4695BC9 /* Pods_NewsApp.framework */; };
		6023A6612513832B00E2905C /* Constants.swift in Sources */ = {isa = PBXBuildFile; fileRef = 6023A6602513832B00E2905C /* Constants.swift */; };
		6023A6702513880300E2905C /* NewsView.swift in Sources */ = {isa = PBXBuildFile; fileRef = 6023A66F2513880300E2905C /* NewsView.swift */; };
		6029F2982524890400398991 /* DetailesController.swift in Sources */ = {isa = PBXBuildFile; fileRef = 6029F2972524890400398991 /* DetailesController.swift */; };
		6029F29B2524891600398991 /* DetailesView.swift in Sources */ = {isa = PBXBuildFile; fileRef = 6029F29A2524891600398991 /* DetailesView.swift */; };
		6029F2DA2524AF2A00398991 /* DetailesModel.swift in Sources */ = {isa = PBXBuildFile; fileRef = 6029F2D92524AF2A00398991 /* DetailesModel.swift */; };
		6029F2E42524BFAB00398991 /* DetailesViewCoordinator.swift in Sources */ = {isa = PBXBuildFile; fileRef = 6029F2E32524BFAB00398991 /* DetailesViewCoordinator.swift */; };
		602C24212522022300C41E85 /* ModelDependency.swift in Sources */ = {isa = PBXBuildFile; fileRef = 602C24202522022300C41E85 /* ModelDependency.swift */; };
		602C243825221C0700C41E85 /* NewsViewCoordinator.swift in Sources */ = {isa = PBXBuildFile; fileRef = 602C243725221C0700C41E85 /* NewsViewCoordinator.swift */; };
		602D8E87253D8319007CB98F /* OfflineCollectionViewCell.xib in Resources */ = {isa = PBXBuildFile; fileRef = 602D8E85253D8319007CB98F /* OfflineCollectionViewCell.xib */; };
		602D8E90253D840F007CB98F /* OfflineCollectionNewsController.swift in Sources */ = {isa = PBXBuildFile; fileRef = 602D8E8F253D840F007CB98F /* OfflineCollectionNewsController.swift */; };
		602D8E93253D8494007CB98F /* OfflineCollectionViewCell.swift in Sources */ = {isa = PBXBuildFile; fileRef = 602D8E92253D8494007CB98F /* OfflineCollectionViewCell.swift */; };
		602D8EB3253DD288007CB98F /* NewsViewModel.swift in Sources */ = {isa = PBXBuildFile; fileRef = 602D8EB2253DD288007CB98F /* NewsViewModel.swift */; };
		602D8ECF253DDEC6007CB98F /* SwipeableCollectionViewCell.swift in Sources */ = {isa = PBXBuildFile; fileRef = 602D8ECE253DDEC6007CB98F /* SwipeableCollectionViewCell.swift */; };
		602D8ED2253DDF52007CB98F /* UIView.swift in Sources */ = {isa = PBXBuildFile; fileRef = 602D8ED1253DDF52007CB98F /* UIView.swift */; };
		6030D0822513AB4E002595C6 /* Session.swift in Sources */ = {isa = PBXBuildFile; fileRef = 6030D0812513AB4E002595C6 /* Session.swift */; };
		603E54732518B50B007DB7ED /* NewsController.swift in Sources */ = {isa = PBXBuildFile; fileRef = 603E54722518B50B007DB7ED /* NewsController.swift */; };
		6043AE532515018200B117E5 /* NewsModel.swift in Sources */ = {isa = PBXBuildFile; fileRef = 6043AE522515018200B117E5 /* NewsModel.swift */; };
		60584ECB2514CED1004C12F2 /* UIViewController.swift in Sources */ = {isa = PBXBuildFile; fileRef = 60584ECA2514CED1004C12F2 /* UIViewController.swift */; };
		60584ECF2514CEE7004C12F2 /* Realm.swift in Sources */ = {isa = PBXBuildFile; fileRef = 60584ECE2514CEE7004C12F2 /* Realm.swift */; };
		60871EDC2519F8940079EACC /* Localizable.strings in Resources */ = {isa = PBXBuildFile; fileRef = 60871EDE2519F8940079EACC /* Localizable.strings */; };
		60871EE5251A0A610079EACC /* DatabaseManager.swift in Sources */ = {isa = PBXBuildFile; fileRef = 60871EE4251A0A610079EACC /* DatabaseManager.swift */; };
		60871F48251C881F0079EACC /* R.generated.swift in Sources */ = {isa = PBXBuildFile; fileRef = 60871F47251C881F0079EACC /* R.generated.swift */; };
		60871F84251DE92E0079EACC /* ParseHelper.swift in Sources */ = {isa = PBXBuildFile; fileRef = 60871F83251DE92E0079EACC /* ParseHelper.swift */; };
		6092C06C252CB10700290B0B /* OfflineNewsView.swift in Sources */ = {isa = PBXBuildFile; fileRef = 6092C066252CB00300290B0B /* OfflineNewsView.swift */; };
		6092C06E252CB10A00290B0B /* OfflineNewsModel.swift in Sources */ = {isa = PBXBuildFile; fileRef = 6092C06A252CB00300290B0B /* OfflineNewsModel.swift */; };
		6092C070252CB10E00290B0B /* OfflineNewsController.swift in Sources */ = {isa = PBXBuildFile; fileRef = 6092C068252CB00300290B0B /* OfflineNewsController.swift */; };
		6092C07B252CBFC900290B0B /* OfflineNewsViewCoordinator.swift in Sources */ = {isa = PBXBuildFile; fileRef = 6092C07A252CBFC900290B0B /* OfflineNewsViewCoordinator.swift */; };
		6098B7672539F6EE0018F21A /* OfflineCollectionNewsView.swift in Sources */ = {isa = PBXBuildFile; fileRef = 6098B7662539F6EE0018F21A /* OfflineCollectionNewsView.swift */; };
		6098B76E2539F7310018F21A /* OfflineCollectionNewsCoordinator.swift in Sources */ = {isa = PBXBuildFile; fileRef = 6098B76D2539F7310018F21A /* OfflineCollectionNewsCoordinator.swift */; };
		6098B7712539F7340018F21A /* OfflineCollectionNewsModel.swift in Sources */ = {isa = PBXBuildFile; fileRef = 6098B7702539F7340018F21A /* OfflineCollectionNewsModel.swift */; };
		60C8F4E12536EB6E007D3998 /* Assets.xcassets in Resources */ = {isa = PBXBuildFile; fileRef = 60C8F4E02536EB6E007D3998 /* Assets.xcassets */; };
/* End PBXBuildFile section */

/* Begin PBXFileReference section */
		1CDFEE2F24ED550C003D5B65 /* NewsApp.app */ = {isa = PBXFileReference; explicitFileType = wrapper.application; includeInIndex = 0; path = NewsApp.app; sourceTree = BUILT_PRODUCTS_DIR; };
		1CDFEE3224ED550C003D5B65 /* AppDelegate.swift */ = {isa = PBXFileReference; lastKnownFileType = sourcecode.swift; path = AppDelegate.swift; sourceTree = "<group>"; };
		1CDFEE3924ED550C003D5B65 /* Base */ = {isa = PBXFileReference; lastKnownFileType = file.storyboard; name = Base; path = Base.lproj/Main.storyboard; sourceTree = "<group>"; };
		1CDFEE3E24ED5512003D5B65 /* Base */ = {isa = PBXFileReference; lastKnownFileType = file.storyboard; name = Base; path = Base.lproj/LaunchScreen.storyboard; sourceTree = "<group>"; };
		1CDFEE4024ED5512003D5B65 /* Info.plist */ = {isa = PBXFileReference; lastKnownFileType = text.plist.xml; path = Info.plist; sourceTree = "<group>"; };
		1CDFEE4624ED5967003D5B65 /* ApiManager.swift */ = {isa = PBXFileReference; lastKnownFileType = sourcecode.swift; path = ApiManager.swift; sourceTree = "<group>"; };
		1CDFEE4824ED5982003D5B65 /* NewsTableViewCell.swift */ = {isa = PBXFileReference; lastKnownFileType = sourcecode.swift; path = NewsTableViewCell.swift; sourceTree = "<group>"; };
		1CDFEE4924ED5982003D5B65 /* NewsTableViewCell.xib */ = {isa = PBXFileReference; lastKnownFileType = file.xib; path = NewsTableViewCell.xib; sourceTree = "<group>"; };
		1CDFEE4C24ED6325003D5B65 /* NewsEntity.swift */ = {isa = PBXFileReference; lastKnownFileType = sourcecode.swift; path = NewsEntity.swift; sourceTree = "<group>"; };
		5C1DCE74F48DB6036B84DE85 /* Pods-NewsApp.debug.xcconfig */ = {isa = PBXFileReference; includeInIndex = 1; lastKnownFileType = text.xcconfig; name = "Pods-NewsApp.debug.xcconfig"; path = "Target Support Files/Pods-NewsApp/Pods-NewsApp.debug.xcconfig"; sourceTree = "<group>"; };
		6023A6602513832B00E2905C /* Constants.swift */ = {isa = PBXFileReference; lastKnownFileType = sourcecode.swift; path = Constants.swift; sourceTree = "<group>"; };
		6023A66F2513880300E2905C /* NewsView.swift */ = {isa = PBXFileReference; lastKnownFileType = sourcecode.swift; path = NewsView.swift; sourceTree = "<group>"; };
		6029F2972524890400398991 /* DetailesController.swift */ = {isa = PBXFileReference; lastKnownFileType = sourcecode.swift; path = DetailesController.swift; sourceTree = "<group>"; };
		6029F29A2524891600398991 /* DetailesView.swift */ = {isa = PBXFileReference; lastKnownFileType = sourcecode.swift; path = DetailesView.swift; sourceTree = "<group>"; };
		6029F2D92524AF2A00398991 /* DetailesModel.swift */ = {isa = PBXFileReference; lastKnownFileType = sourcecode.swift; path = DetailesModel.swift; sourceTree = "<group>"; };
		6029F2E32524BFAB00398991 /* DetailesViewCoordinator.swift */ = {isa = PBXFileReference; lastKnownFileType = sourcecode.swift; path = DetailesViewCoordinator.swift; sourceTree = "<group>"; };
		602C24202522022300C41E85 /* ModelDependency.swift */ = {isa = PBXFileReference; lastKnownFileType = sourcecode.swift; path = ModelDependency.swift; sourceTree = "<group>"; };
		602C243725221C0700C41E85 /* NewsViewCoordinator.swift */ = {isa = PBXFileReference; lastKnownFileType = sourcecode.swift; path = NewsViewCoordinator.swift; sourceTree = "<group>"; };
		602D8E85253D8319007CB98F /* OfflineCollectionViewCell.xib */ = {isa = PBXFileReference; fileEncoding = 4; lastKnownFileType = file.xib; path = OfflineCollectionViewCell.xib; sourceTree = "<group>"; };
		602D8E8F253D840F007CB98F /* OfflineCollectionNewsController.swift */ = {isa = PBXFileReference; lastKnownFileType = sourcecode.swift; path = OfflineCollectionNewsController.swift; sourceTree = "<group>"; };
		602D8E92253D8494007CB98F /* OfflineCollectionViewCell.swift */ = {isa = PBXFileReference; lastKnownFileType = sourcecode.swift; path = OfflineCollectionViewCell.swift; sourceTree = "<group>"; };
		602D8EB2253DD288007CB98F /* NewsViewModel.swift */ = {isa = PBXFileReference; lastKnownFileType = sourcecode.swift; path = NewsViewModel.swift; sourceTree = "<group>"; };
		602D8ECE253DDEC6007CB98F /* SwipeableCollectionViewCell.swift */ = {isa = PBXFileReference; lastKnownFileType = sourcecode.swift; path = SwipeableCollectionViewCell.swift; sourceTree = "<group>"; };
		602D8ED1253DDF52007CB98F /* UIView.swift */ = {isa = PBXFileReference; lastKnownFileType = sourcecode.swift; path = UIView.swift; sourceTree = "<group>"; };
		6030D0812513AB4E002595C6 /* Session.swift */ = {isa = PBXFileReference; lastKnownFileType = sourcecode.swift; path = Session.swift; sourceTree = "<group>"; };
		603E54722518B50B007DB7ED /* NewsController.swift */ = {isa = PBXFileReference; lastKnownFileType = sourcecode.swift; path = NewsController.swift; sourceTree = "<group>"; };
		6043AE522515018200B117E5 /* NewsModel.swift */ = {isa = PBXFileReference; lastKnownFileType = sourcecode.swift; path = NewsModel.swift; sourceTree = "<group>"; };
		60584ECA2514CED1004C12F2 /* UIViewController.swift */ = {isa = PBXFileReference; lastKnownFileType = sourcecode.swift; path = UIViewController.swift; sourceTree = "<group>"; };
		60584ECE2514CEE7004C12F2 /* Realm.swift */ = {isa = PBXFileReference; lastKnownFileType = sourcecode.swift; path = Realm.swift; sourceTree = "<group>"; };
		60871ECF2519F76D0079EACC /* en-GB */ = {isa = PBXFileReference; lastKnownFileType = text.plist.strings; name = "en-GB"; path = "en-GB.lproj/Main.strings"; sourceTree = "<group>"; };
		60871ED02519F77E0079EACC /* en */ = {isa = PBXFileReference; lastKnownFileType = text.plist.strings; name = en; path = en.lproj/Main.strings; sourceTree = "<group>"; };
		60871EDD2519F8940079EACC /* en */ = {isa = PBXFileReference; lastKnownFileType = text.plist.strings; name = en; path = en.lproj/Localizable.strings; sourceTree = "<group>"; };
		60871EE4251A0A610079EACC /* DatabaseManager.swift */ = {isa = PBXFileReference; lastKnownFileType = sourcecode.swift; path = DatabaseManager.swift; sourceTree = "<group>"; };
		60871F47251C881F0079EACC /* R.generated.swift */ = {isa = PBXFileReference; fileEncoding = 4; lastKnownFileType = sourcecode.swift; path = R.generated.swift; sourceTree = "<group>"; };
		60871F83251DE92E0079EACC /* ParseHelper.swift */ = {isa = PBXFileReference; lastKnownFileType = sourcecode.swift; path = ParseHelper.swift; sourceTree = "<group>"; };
		6092C066252CB00300290B0B /* OfflineNewsView.swift */ = {isa = PBXFileReference; lastKnownFileType = sourcecode.swift; path = OfflineNewsView.swift; sourceTree = "<group>"; };
		6092C068252CB00300290B0B /* OfflineNewsController.swift */ = {isa = PBXFileReference; lastKnownFileType = sourcecode.swift; path = OfflineNewsController.swift; sourceTree = "<group>"; };
		6092C06A252CB00300290B0B /* OfflineNewsModel.swift */ = {isa = PBXFileReference; lastKnownFileType = sourcecode.swift; path = OfflineNewsModel.swift; sourceTree = "<group>"; };
		6092C07A252CBFC900290B0B /* OfflineNewsViewCoordinator.swift */ = {isa = PBXFileReference; lastKnownFileType = sourcecode.swift; path = OfflineNewsViewCoordinator.swift; sourceTree = "<group>"; };
		6098B7662539F6EE0018F21A /* OfflineCollectionNewsView.swift */ = {isa = PBXFileReference; lastKnownFileType = sourcecode.swift; path = OfflineCollectionNewsView.swift; sourceTree = "<group>"; };
		6098B76D2539F7310018F21A /* OfflineCollectionNewsCoordinator.swift */ = {isa = PBXFileReference; lastKnownFileType = sourcecode.swift; path = OfflineCollectionNewsCoordinator.swift; sourceTree = "<group>"; };
		6098B7702539F7340018F21A /* OfflineCollectionNewsModel.swift */ = {isa = PBXFileReference; lastKnownFileType = sourcecode.swift; path = OfflineCollectionNewsModel.swift; sourceTree = "<group>"; };
		60C8F4E02536EB6E007D3998 /* Assets.xcassets */ = {isa = PBXFileReference; lastKnownFileType = folder.assetcatalog; path = Assets.xcassets; sourceTree = "<group>"; };
		CAAA03DE752C7B32C4695BC9 /* Pods_NewsApp.framework */ = {isa = PBXFileReference; explicitFileType = wrapper.framework; includeInIndex = 0; path = Pods_NewsApp.framework; sourceTree = BUILT_PRODUCTS_DIR; };
		FCD42F2FB913BC1AA8964035 /* Pods-NewsApp.release.xcconfig */ = {isa = PBXFileReference; includeInIndex = 1; lastKnownFileType = text.xcconfig; name = "Pods-NewsApp.release.xcconfig"; path = "Target Support Files/Pods-NewsApp/Pods-NewsApp.release.xcconfig"; sourceTree = "<group>"; };
/* End PBXFileReference section */

/* Begin PBXFrameworksBuildPhase section */
		1CDFEE2C24ED550C003D5B65 /* Frameworks */ = {
			isa = PBXFrameworksBuildPhase;
			buildActionMask = 2147483647;
			files = (
				299B5C61781EA7E52481B7FF /* Pods_NewsApp.framework in Frameworks */,
			);
			runOnlyForDeploymentPostprocessing = 0;
		};
/* End PBXFrameworksBuildPhase section */

/* Begin PBXGroup section */
		1CDFEE2624ED550C003D5B65 = {
			isa = PBXGroup;
			children = (
				1CDFEE3124ED550C003D5B65 /* NewsApp */,
				1CDFEE3024ED550C003D5B65 /* Products */,
				C595906D1EE0072ECDC7F7D3 /* Pods */,
				82EF5968CCEC3BF5FCD4E716 /* Frameworks */,
			);
			sourceTree = "<group>";
		};
		1CDFEE3024ED550C003D5B65 /* Products */ = {
			isa = PBXGroup;
			children = (
				1CDFEE2F24ED550C003D5B65 /* NewsApp.app */,
			);
			name = Products;
			sourceTree = "<group>";
		};
		1CDFEE3124ED550C003D5B65 /* NewsApp */ = {
			isa = PBXGroup;
			children = (
				1CDFEE3224ED550C003D5B65 /* AppDelegate.swift */,
				6023A6602513832B00E2905C /* Constants.swift */,
				60871F47251C881F0079EACC /* R.generated.swift */,
				602D8EBF253DD701007CB98F /* Services */,
				6029F2942524886E00398991 /* Scenes */,
				60584EC92514CEB0004C12F2 /* Extensions */,
				6023A65D251382E800E2905C /* Resources */,
				6023A65C251382B900E2905C /* Supporting Files */,
			);
			path = NewsApp;
			sourceTree = "<group>";
		};
		1CDFEE4F24EDAA95003D5B65 /* View */ = {
			isa = PBXGroup;
			children = (
				6023A66F2513880300E2905C /* NewsView.swift */,
				6023A65E2513830A00E2905C /* Cells */,
			);
			path = View;
			sourceTree = "<group>";
		};
		1CDFEE5124EDAAE6003D5B65 /* Model */ = {
			isa = PBXGroup;
			children = (
				6043AE522515018200B117E5 /* NewsModel.swift */,
				1CDFEE4C24ED6325003D5B65 /* NewsEntity.swift */,
				602D8EB2253DD288007CB98F /* NewsViewModel.swift */,
			);
			path = Model;
			sourceTree = "<group>";
		};
		6023A6582513823600E2905C /* Controller */ = {
			isa = PBXGroup;
			children = (
				603E54722518B50B007DB7ED /* NewsController.swift */,
			);
			path = Controller;
			sourceTree = "<group>";
		};
		6023A65C251382B900E2905C /* Supporting Files */ = {
			isa = PBXGroup;
			children = (
				1CDFEE4024ED5512003D5B65 /* Info.plist */,
			);
			path = "Supporting Files";
			sourceTree = "<group>";
		};
		6023A65D251382E800E2905C /* Resources */ = {
			isa = PBXGroup;
			children = (
				60C8F4E02536EB6E007D3998 /* Assets.xcassets */,
				60871EDE2519F8940079EACC /* Localizable.strings */,
				1CDFEE3D24ED5512003D5B65 /* LaunchScreen.storyboard */,
				1CDFEE3824ED550C003D5B65 /* Main.storyboard */,
			);
			path = Resources;
			sourceTree = "<group>";
		};
		6023A65E2513830A00E2905C /* Cells */ = {
			isa = PBXGroup;
			children = (
				1CDFEE4824ED5982003D5B65 /* NewsTableViewCell.swift */,
				1CDFEE4924ED5982003D5B65 /* NewsTableViewCell.xib */,
			);
			path = Cells;
			sourceTree = "<group>";
		};
		6029F2922524886600398991 /* NewsScene */ = {
			isa = PBXGroup;
			children = (
				1CDFEE5124EDAAE6003D5B65 /* Model */,
				1CDFEE4F24EDAA95003D5B65 /* View */,
				6023A6582513823600E2905C /* Controller */,
				602D8EC1253DD745007CB98F /* Coordinator */,
			);
			path = NewsScene;
			sourceTree = "<group>";
		};
		6029F2942524886E00398991 /* Scenes */ = {
			isa = PBXGroup;
			children = (
				6098B789253D7BE30018F21A /* OfflineCollectionNewsScene */,
				6092C060252CAF0400290B0B /* OfflineNewsScene */,
				6029F2962524889300398991 /* DetailesScene */,
				6029F2922524886600398991 /* NewsScene */,
			);
			path = Scenes;
			sourceTree = "<group>";
		};
		6029F2962524889300398991 /* DetailesScene */ = {
			isa = PBXGroup;
			children = (
				6029F2D82524AF2000398991 /* Model */,
				6029F29D2524892000398991 /* View */,
				6029F29F2524892500398991 /* Controller */,
				602D8EC0253DD730007CB98F /* Coordinator */,
			);
			path = DetailesScene;
			sourceTree = "<group>";
		};
		6029F29D2524892000398991 /* View */ = {
			isa = PBXGroup;
			children = (
				6029F29A2524891600398991 /* DetailesView.swift */,
			);
			path = View;
			sourceTree = "<group>";
		};
		6029F29F2524892500398991 /* Controller */ = {
			isa = PBXGroup;
			children = (
				6029F2972524890400398991 /* DetailesController.swift */,
			);
			path = Controller;
			sourceTree = "<group>";
		};
		6029F2D82524AF2000398991 /* Model */ = {
			isa = PBXGroup;
			children = (
				6029F2D92524AF2A00398991 /* DetailesModel.swift */,
			);
			path = Model;
			sourceTree = "<group>";
		};
		602D8E95253D84AD007CB98F /* Cell */ = {
			isa = PBXGroup;
			children = (
				602D8E85253D8319007CB98F /* OfflineCollectionViewCell.xib */,
				602D8E92253D8494007CB98F /* OfflineCollectionViewCell.swift */,
				602D8ECE253DDEC6007CB98F /* SwipeableCollectionViewCell.swift */,
			);
			path = Cell;
			sourceTree = "<group>";
		};
		602D8EBF253DD701007CB98F /* Services */ = {
			isa = PBXGroup;
			children = (
				1CDFEE4624ED5967003D5B65 /* ApiManager.swift */,
				6030D0812513AB4E002595C6 /* Session.swift */,
				60871F83251DE92E0079EACC /* ParseHelper.swift */,
				60871EE4251A0A610079EACC /* DatabaseManager.swift */,
				602C24202522022300C41E85 /* ModelDependency.swift */,
			);
			path = Services;
			sourceTree = "<group>";
		};
		602D8EC0253DD730007CB98F /* Coordinator */ = {
			isa = PBXGroup;
			children = (
				6029F2E32524BFAB00398991 /* DetailesViewCoordinator.swift */,
			);
			path = Coordinator;
			sourceTree = "<group>";
		};
		602D8EC1253DD745007CB98F /* Coordinator */ = {
			isa = PBXGroup;
			children = (
				602C243725221C0700C41E85 /* NewsViewCoordinator.swift */,
			);
			path = Coordinator;
			sourceTree = "<group>";
		};
		602D8EC2253DD75C007CB98F /* Coordinator */ = {
			isa = PBXGroup;
			children = (
				6092C07A252CBFC900290B0B /* OfflineNewsViewCoordinator.swift */,
			);
			path = Coordinator;
			sourceTree = "<group>";
		};
		602D8EC3253DD765007CB98F /* Coordinator */ = {
			isa = PBXGroup;
			children = (
				6098B76D2539F7310018F21A /* OfflineCollectionNewsCoordinator.swift */,
			);
			path = Coordinator;
			sourceTree = "<group>";
		};
		60584EC92514CEB0004C12F2 /* Extensions */ = {
			isa = PBXGroup;
			children = (
				60584ECA2514CED1004C12F2 /* UIViewController.swift */,
				60584ECE2514CEE7004C12F2 /* Realm.swift */,
				602D8ED1253DDF52007CB98F /* UIView.swift */,
			);
			path = Extensions;
			sourceTree = "<group>";
		};
		6092C060252CAF0400290B0B /* OfflineNewsScene */ = {
			isa = PBXGroup;
			children = (
				6092C069252CB00300290B0B /* Model */,
				6092C065252CB00300290B0B /* View */,
				6092C067252CB00300290B0B /* Controller */,
				602D8EC2253DD75C007CB98F /* Coordinator */,
			);
			path = OfflineNewsScene;
			sourceTree = "<group>";
		};
		6092C065252CB00300290B0B /* View */ = {
			isa = PBXGroup;
			children = (
				6092C066252CB00300290B0B /* OfflineNewsView.swift */,
			);
			path = View;
			sourceTree = "<group>";
		};
		6092C067252CB00300290B0B /* Controller */ = {
			isa = PBXGroup;
			children = (
				6092C068252CB00300290B0B /* OfflineNewsController.swift */,
			);
			path = Controller;
			sourceTree = "<group>";
		};
		6092C069252CB00300290B0B /* Model */ = {
			isa = PBXGroup;
			children = (
				6092C06A252CB00300290B0B /* OfflineNewsModel.swift */,
			);
			path = Model;
			sourceTree = "<group>";
		};
		6098B789253D7BE30018F21A /* OfflineCollectionNewsScene */ = {
			isa = PBXGroup;
			children = (
				6098B79B253D7EC10018F21A /* Model */,
				6098B79C253D7ECD0018F21A /* View */,
				6098B79F253D7EE20018F21A /* Controller */,
				602D8EC3253DD765007CB98F /* Coordinator */,
			);
			path = OfflineCollectionNewsScene;
			sourceTree = "<group>";
		};
		6098B79B253D7EC10018F21A /* Model */ = {
			isa = PBXGroup;
			children = (
				6098B7702539F7340018F21A /* OfflineCollectionNewsModel.swift */,
			);
			path = Model;
			sourceTree = "<group>";
		};
		6098B79C253D7ECD0018F21A /* View */ = {
			isa = PBXGroup;
			children = (
				6098B7662539F6EE0018F21A /* OfflineCollectionNewsView.swift */,
				602D8E95253D84AD007CB98F /* Cell */,
			);
			path = View;
			sourceTree = "<group>";
		};
		6098B79F253D7EE20018F21A /* Controller */ = {
			isa = PBXGroup;
			children = (
				602D8E8F253D840F007CB98F /* OfflineCollectionNewsController.swift */,
			);
			path = Controller;
			sourceTree = "<group>";
		};
		82EF5968CCEC3BF5FCD4E716 /* Frameworks */ = {
			isa = PBXGroup;
			children = (
				CAAA03DE752C7B32C4695BC9 /* Pods_NewsApp.framework */,
			);
			name = Frameworks;
			sourceTree = "<group>";
		};
		C595906D1EE0072ECDC7F7D3 /* Pods */ = {
			isa = PBXGroup;
			children = (
				5C1DCE74F48DB6036B84DE85 /* Pods-NewsApp.debug.xcconfig */,
				FCD42F2FB913BC1AA8964035 /* Pods-NewsApp.release.xcconfig */,
			);
			path = Pods;
			sourceTree = "<group>";
		};
/* End PBXGroup section */

/* Begin PBXNativeTarget section */
		1CDFEE2E24ED550C003D5B65 /* NewsApp */ = {
			isa = PBXNativeTarget;
			buildConfigurationList = 1CDFEE4324ED5512003D5B65 /* Build configuration list for PBXNativeTarget "NewsApp" */;
			buildPhases = (
				F56A562CD14A17E9DF2CACED /* [CP] Check Pods Manifest.lock */,
				6043ADC82514DB6D00B117E5 /* ShellScript */,
				1CDFEE2B24ED550C003D5B65 /* Sources */,
				1CDFEE2C24ED550C003D5B65 /* Frameworks */,
				1CDFEE2D24ED550C003D5B65 /* Resources */,
				9B56ABCA843286DAD60BE37A /* [CP] Embed Pods Frameworks */,
				603B1D5E251256FA003AC4B3 /* Run Script */,
			);
			buildRules = (
			);
			dependencies = (
			);
			name = NewsApp;
			productName = NewsApp;
			productReference = 1CDFEE2F24ED550C003D5B65 /* NewsApp.app */;
			productType = "com.apple.product-type.application";
		};
/* End PBXNativeTarget section */

/* Begin PBXProject section */
		1CDFEE2724ED550C003D5B65 /* Project object */ = {
			isa = PBXProject;
			attributes = {
				LastSwiftUpdateCheck = 1150;
				LastUpgradeCheck = 1200;
				ORGANIZATIONNAME = "Nastassia Kavalchuk";
				TargetAttributes = {
					1CDFEE2E24ED550C003D5B65 = {
						CreatedOnToolsVersion = 11.5;
						LastSwiftMigration = 1200;
					};
				};
			};
			buildConfigurationList = 1CDFEE2A24ED550C003D5B65 /* Build configuration list for PBXProject "NewsApp" */;
			compatibilityVersion = "Xcode 9.3";
			developmentRegion = en;
			hasScannedForEncodings = 0;
			knownRegions = (
				en,
				Base,
				"en-GB",
			);
			mainGroup = 1CDFEE2624ED550C003D5B65;
			productRefGroup = 1CDFEE3024ED550C003D5B65 /* Products */;
			projectDirPath = "";
			projectRoot = "";
			targets = (
				1CDFEE2E24ED550C003D5B65 /* NewsApp */,
			);
		};
/* End PBXProject section */

/* Begin PBXResourcesBuildPhase section */
		1CDFEE2D24ED550C003D5B65 /* Resources */ = {
			isa = PBXResourcesBuildPhase;
			buildActionMask = 2147483647;
			files = (
				1CDFEE3F24ED5512003D5B65 /* LaunchScreen.storyboard in Resources */,
				1CDFEE4B24ED5982003D5B65 /* NewsTableViewCell.xib in Resources */,
				1CDFEE3A24ED550C003D5B65 /* Main.storyboard in Resources */,
				60871EDC2519F8940079EACC /* Localizable.strings in Resources */,
				602D8E87253D8319007CB98F /* OfflineCollectionViewCell.xib in Resources */,
				60C8F4E12536EB6E007D3998 /* Assets.xcassets in Resources */,
			);
			runOnlyForDeploymentPostprocessing = 0;
		};
/* End PBXResourcesBuildPhase section */

/* Begin PBXShellScriptBuildPhase section */
		603B1D5E251256FA003AC4B3 /* Run Script */ = {
			isa = PBXShellScriptBuildPhase;
			alwaysOutOfDate = 1;
			buildActionMask = 2147483647;
			files = (
			);
			inputFileListPaths = (
			);
			inputPaths = (
			);
			name = "Run Script";
			outputFileListPaths = (
			);
			outputPaths = (
			);
			runOnlyForDeploymentPostprocessing = 0;
			shellPath = /bin/sh;
			shellScript = "# Type a script or drag a script file from your workspace to insert its path.\nif [ -f $SRCROOT/com.raywenderlich.swiftlint.yml ]; then\n  if which swiftlint >/dev/null; then\n    swiftlint --config $SRCROOT/com.raywenderlich.swiftlint.yml\n  fi\nfi\n";
		};
		6043ADC82514DB6D00B117E5 /* ShellScript */ = {
			isa = PBXShellScriptBuildPhase;
			buildActionMask = 2147483647;
			files = (
			);
			inputFileListPaths = (
			);
			inputPaths = (
				"$TEMP_DIR/rswift-lastrun",
			);
			outputFileListPaths = (
			);
			outputPaths = (
				$SRCROOT/NewsApp/R.generated.swift,
			);
			runOnlyForDeploymentPostprocessing = 0;
			shellPath = /bin/sh;
			shellScript = "# Type a script or drag a script file from your workspace to insert its path.\n\"$PODS_ROOT/R.swift/rswift\" generate \"$SRCROOT/NewsApp/R.generated.swift\"\n\n";
		};
		9B56ABCA843286DAD60BE37A /* [CP] Embed Pods Frameworks */ = {
			isa = PBXShellScriptBuildPhase;
			buildActionMask = 2147483647;
			files = (
			);
			inputFileListPaths = (
				"${PODS_ROOT}/Target Support Files/Pods-NewsApp/Pods-NewsApp-frameworks-${CONFIGURATION}-input-files.xcfilelist",
			);
			name = "[CP] Embed Pods Frameworks";
			outputFileListPaths = (
				"${PODS_ROOT}/Target Support Files/Pods-NewsApp/Pods-NewsApp-frameworks-${CONFIGURATION}-output-files.xcfilelist",
			);
			runOnlyForDeploymentPostprocessing = 0;
			shellPath = /bin/sh;
			shellScript = "\"${PODS_ROOT}/Target Support Files/Pods-NewsApp/Pods-NewsApp-frameworks.sh\"\n";
			showEnvVarsInLog = 0;
		};
		F56A562CD14A17E9DF2CACED /* [CP] Check Pods Manifest.lock */ = {
			isa = PBXShellScriptBuildPhase;
			buildActionMask = 2147483647;
			files = (
			);
			inputFileListPaths = (
			);
			inputPaths = (
				"${PODS_PODFILE_DIR_PATH}/Podfile.lock",
				"${PODS_ROOT}/Manifest.lock",
			);
			name = "[CP] Check Pods Manifest.lock";
			outputFileListPaths = (
			);
			outputPaths = (
				"$(DERIVED_FILE_DIR)/Pods-NewsApp-checkManifestLockResult.txt",
			);
			runOnlyForDeploymentPostprocessing = 0;
			shellPath = /bin/sh;
			shellScript = "diff \"${PODS_PODFILE_DIR_PATH}/Podfile.lock\" \"${PODS_ROOT}/Manifest.lock\" > /dev/null\nif [ $? != 0 ] ; then\n    # print error to STDERR\n    echo \"error: The sandbox is not in sync with the Podfile.lock. Run 'pod install' or update your CocoaPods installation.\" >&2\n    exit 1\nfi\n# This output is used by Xcode 'outputs' to avoid re-running this script phase.\necho \"SUCCESS\" > \"${SCRIPT_OUTPUT_FILE_0}\"\n";
			showEnvVarsInLog = 0;
		};
/* End PBXShellScriptBuildPhase section */

/* Begin PBXSourcesBuildPhase section */
		1CDFEE2B24ED550C003D5B65 /* Sources */ = {
			isa = PBXSourcesBuildPhase;
			buildActionMask = 2147483647;
			files = (
				602D8ED2253DDF52007CB98F /* UIView.swift in Sources */,
				6029F2DA2524AF2A00398991 /* DetailesModel.swift in Sources */,
				60871EE5251A0A610079EACC /* DatabaseManager.swift in Sources */,
				1CDFEE4D24ED6325003D5B65 /* NewsEntity.swift in Sources */,
				6092C06C252CB10700290B0B /* OfflineNewsView.swift in Sources */,
				603E54732518B50B007DB7ED /* NewsController.swift in Sources */,
				6043AE532515018200B117E5 /* NewsModel.swift in Sources */,
				1CDFEE4724ED5967003D5B65 /* ApiManager.swift in Sources */,
				602D8EB3253DD288007CB98F /* NewsViewModel.swift in Sources */,
				60584ECF2514CEE7004C12F2 /* Realm.swift in Sources */,
				6029F2982524890400398991 /* DetailesController.swift in Sources */,
				602C243825221C0700C41E85 /* NewsViewCoordinator.swift in Sources */,
				602D8E93253D8494007CB98F /* OfflineCollectionViewCell.swift in Sources */,
				6023A6612513832B00E2905C /* Constants.swift in Sources */,
				6098B7712539F7340018F21A /* OfflineCollectionNewsModel.swift in Sources */,
				6023A6702513880300E2905C /* NewsView.swift in Sources */,
				6092C070252CB10E00290B0B /* OfflineNewsController.swift in Sources */,
				6092C07B252CBFC900290B0B /* OfflineNewsViewCoordinator.swift in Sources */,
				1CDFEE4A24ED5982003D5B65 /* NewsTableViewCell.swift in Sources */,
				6098B7672539F6EE0018F21A /* OfflineCollectionNewsView.swift in Sources */,
				60871F84251DE92E0079EACC /* ParseHelper.swift in Sources */,
				60584ECB2514CED1004C12F2 /* UIViewController.swift in Sources */,
				6029F2E42524BFAB00398991 /* DetailesViewCoordinator.swift in Sources */,
				60871F48251C881F0079EACC /* R.generated.swift in Sources */,
				6098B76E2539F7310018F21A /* OfflineCollectionNewsCoordinator.swift in Sources */,
				6029F29B2524891600398991 /* DetailesView.swift in Sources */,
				602C24212522022300C41E85 /* ModelDependency.swift in Sources */,
				602D8E90253D840F007CB98F /* OfflineCollectionNewsController.swift in Sources */,
				6030D0822513AB4E002595C6 /* Session.swift in Sources */,
				602D8ECF253DDEC6007CB98F /* SwipeableCollectionViewCell.swift in Sources */,
				1CDFEE3324ED550C003D5B65 /* AppDelegate.swift in Sources */,
				6092C06E252CB10A00290B0B /* OfflineNewsModel.swift in Sources */,
			);
			runOnlyForDeploymentPostprocessing = 0;
		};
/* End PBXSourcesBuildPhase section */

/* Begin PBXVariantGroup section */
		1CDFEE3824ED550C003D5B65 /* Main.storyboard */ = {
			isa = PBXVariantGroup;
			children = (
				1CDFEE3924ED550C003D5B65 /* Base */,
				60871ECF2519F76D0079EACC /* en-GB */,
				60871ED02519F77E0079EACC /* en */,
			);
			name = Main.storyboard;
			sourceTree = "<group>";
		};
		1CDFEE3D24ED5512003D5B65 /* LaunchScreen.storyboard */ = {
			isa = PBXVariantGroup;
			children = (
				1CDFEE3E24ED5512003D5B65 /* Base */,
			);
			name = LaunchScreen.storyboard;
			sourceTree = "<group>";
		};
		60871EDE2519F8940079EACC /* Localizable.strings */ = {
			isa = PBXVariantGroup;
			children = (
				60871EDD2519F8940079EACC /* en */,
			);
			name = Localizable.strings;
			sourceTree = "<group>";
		};
/* End PBXVariantGroup section */

/* Begin XCBuildConfiguration section */
		1CDFEE4124ED5512003D5B65 /* Debug */ = {
			isa = XCBuildConfiguration;
			buildSettings = {
				ALWAYS_SEARCH_USER_PATHS = NO;
				CLANG_ANALYZER_LOCALIZABILITY_NONLOCALIZED = YES;
				CLANG_ANALYZER_NONNULL = YES;
				CLANG_ANALYZER_NUMBER_OBJECT_CONVERSION = YES_AGGRESSIVE;
				CLANG_CXX_LANGUAGE_STANDARD = "gnu++14";
				CLANG_CXX_LIBRARY = "libc++";
				CLANG_ENABLE_MODULES = YES;
				CLANG_ENABLE_OBJC_ARC = YES;
				CLANG_ENABLE_OBJC_WEAK = YES;
				CLANG_WARN_BLOCK_CAPTURE_AUTORELEASING = YES;
				CLANG_WARN_BOOL_CONVERSION = YES;
				CLANG_WARN_COMMA = YES;
				CLANG_WARN_CONSTANT_CONVERSION = YES;
				CLANG_WARN_DEPRECATED_OBJC_IMPLEMENTATIONS = YES;
				CLANG_WARN_DIRECT_OBJC_ISA_USAGE = YES_ERROR;
				CLANG_WARN_DOCUMENTATION_COMMENTS = YES;
				CLANG_WARN_EMPTY_BODY = YES;
				CLANG_WARN_ENUM_CONVERSION = YES;
				CLANG_WARN_INFINITE_RECURSION = YES;
				CLANG_WARN_INT_CONVERSION = YES;
				CLANG_WARN_NON_LITERAL_NULL_CONVERSION = YES;
				CLANG_WARN_OBJC_IMPLICIT_RETAIN_SELF = YES;
				CLANG_WARN_OBJC_LITERAL_CONVERSION = YES;
				CLANG_WARN_OBJC_ROOT_CLASS = YES_ERROR;
				CLANG_WARN_QUOTED_INCLUDE_IN_FRAMEWORK_HEADER = YES;
				CLANG_WARN_RANGE_LOOP_ANALYSIS = YES;
				CLANG_WARN_STRICT_PROTOTYPES = YES;
				CLANG_WARN_SUSPICIOUS_MOVE = YES;
				CLANG_WARN_UNGUARDED_AVAILABILITY = YES_AGGRESSIVE;
				CLANG_WARN_UNREACHABLE_CODE = YES;
				CLANG_WARN__DUPLICATE_METHOD_MATCH = YES;
				COPY_PHASE_STRIP = NO;
				DEBUG_INFORMATION_FORMAT = dwarf;
				ENABLE_STRICT_OBJC_MSGSEND = YES;
				ENABLE_TESTABILITY = YES;
				GCC_C_LANGUAGE_STANDARD = gnu11;
				GCC_DYNAMIC_NO_PIC = NO;
				GCC_NO_COMMON_BLOCKS = YES;
				GCC_OPTIMIZATION_LEVEL = 0;
				GCC_PREPROCESSOR_DEFINITIONS = (
					"DEBUG=1",
					"$(inherited)",
				);
				GCC_WARN_64_TO_32_BIT_CONVERSION = YES;
				GCC_WARN_ABOUT_RETURN_TYPE = YES_ERROR;
				GCC_WARN_UNDECLARED_SELECTOR = YES;
				GCC_WARN_UNINITIALIZED_AUTOS = YES_AGGRESSIVE;
				GCC_WARN_UNUSED_FUNCTION = YES;
				GCC_WARN_UNUSED_VARIABLE = YES;
				IPHONEOS_DEPLOYMENT_TARGET = 13.5;
				MTL_ENABLE_DEBUG_INFO = INCLUDE_SOURCE;
				MTL_FAST_MATH = YES;
				ONLY_ACTIVE_ARCH = YES;
				SDKROOT = iphoneos;
				SWIFT_ACTIVE_COMPILATION_CONDITIONS = DEBUG;
				SWIFT_OPTIMIZATION_LEVEL = "-Onone";
			};
			name = Debug;
		};
		1CDFEE4224ED5512003D5B65 /* Release */ = {
			isa = XCBuildConfiguration;
			buildSettings = {
				ALWAYS_SEARCH_USER_PATHS = NO;
				CLANG_ANALYZER_LOCALIZABILITY_NONLOCALIZED = YES;
				CLANG_ANALYZER_NONNULL = YES;
				CLANG_ANALYZER_NUMBER_OBJECT_CONVERSION = YES_AGGRESSIVE;
				CLANG_CXX_LANGUAGE_STANDARD = "gnu++14";
				CLANG_CXX_LIBRARY = "libc++";
				CLANG_ENABLE_MODULES = YES;
				CLANG_ENABLE_OBJC_ARC = YES;
				CLANG_ENABLE_OBJC_WEAK = YES;
				CLANG_WARN_BLOCK_CAPTURE_AUTORELEASING = YES;
				CLANG_WARN_BOOL_CONVERSION = YES;
				CLANG_WARN_COMMA = YES;
				CLANG_WARN_CONSTANT_CONVERSION = YES;
				CLANG_WARN_DEPRECATED_OBJC_IMPLEMENTATIONS = YES;
				CLANG_WARN_DIRECT_OBJC_ISA_USAGE = YES_ERROR;
				CLANG_WARN_DOCUMENTATION_COMMENTS = YES;
				CLANG_WARN_EMPTY_BODY = YES;
				CLANG_WARN_ENUM_CONVERSION = YES;
				CLANG_WARN_INFINITE_RECURSION = YES;
				CLANG_WARN_INT_CONVERSION = YES;
				CLANG_WARN_NON_LITERAL_NULL_CONVERSION = YES;
				CLANG_WARN_OBJC_IMPLICIT_RETAIN_SELF = YES;
				CLANG_WARN_OBJC_LITERAL_CONVERSION = YES;
				CLANG_WARN_OBJC_ROOT_CLASS = YES_ERROR;
				CLANG_WARN_QUOTED_INCLUDE_IN_FRAMEWORK_HEADER = YES;
				CLANG_WARN_RANGE_LOOP_ANALYSIS = YES;
				CLANG_WARN_STRICT_PROTOTYPES = YES;
				CLANG_WARN_SUSPICIOUS_MOVE = YES;
				CLANG_WARN_UNGUARDED_AVAILABILITY = YES_AGGRESSIVE;
				CLANG_WARN_UNREACHABLE_CODE = YES;
				CLANG_WARN__DUPLICATE_METHOD_MATCH = YES;
				COPY_PHASE_STRIP = NO;
				DEBUG_INFORMATION_FORMAT = "dwarf-with-dsym";
				ENABLE_NS_ASSERTIONS = NO;
				ENABLE_STRICT_OBJC_MSGSEND = YES;
				GCC_C_LANGUAGE_STANDARD = gnu11;
				GCC_NO_COMMON_BLOCKS = YES;
				GCC_WARN_64_TO_32_BIT_CONVERSION = YES;
				GCC_WARN_ABOUT_RETURN_TYPE = YES_ERROR;
				GCC_WARN_UNDECLARED_SELECTOR = YES;
				GCC_WARN_UNINITIALIZED_AUTOS = YES_AGGRESSIVE;
				GCC_WARN_UNUSED_FUNCTION = YES;
				GCC_WARN_UNUSED_VARIABLE = YES;
				IPHONEOS_DEPLOYMENT_TARGET = 13.5;
				MTL_ENABLE_DEBUG_INFO = NO;
				MTL_FAST_MATH = YES;
				SDKROOT = iphoneos;
				SWIFT_COMPILATION_MODE = wholemodule;
				SWIFT_OPTIMIZATION_LEVEL = "-O";
				VALIDATE_PRODUCT = YES;
			};
			name = Release;
		};
		1CDFEE4424ED5512003D5B65 /* Debug */ = {
			isa = XCBuildConfiguration;
			baseConfigurationReference = 5C1DCE74F48DB6036B84DE85 /* Pods-NewsApp.debug.xcconfig */;
			buildSettings = {
				ASSETCATALOG_COMPILER_APPICON_NAME = AppIcon;
				CLANG_ENABLE_MODULES = YES;
				CODE_SIGN_IDENTITY = "Apple Development";
				CODE_SIGN_STYLE = Automatic;
				DEVELOPMENT_TEAM = F5J3Y7HQH4;
				INFOPLIST_FILE = "$(SRCROOT)/NewsApp/Supporting Files/Info.plist";
				LD_RUNPATH_SEARCH_PATHS = (
					"$(inherited)",
					"@executable_path/Frameworks",
				);
				PRODUCT_BUNDLE_IDENTIFIER = com.TestNewsApp1;
				PRODUCT_NAME = "$(TARGET_NAME)";
				PROVISIONING_PROFILE_SPECIFIER = "";
				SWIFT_OPTIMIZATION_LEVEL = "-Onone";
				SWIFT_VERSION = 5.0;
				TARGETED_DEVICE_FAMILY = 1;
			};
			name = Debug;
		};
		1CDFEE4524ED5512003D5B65 /* Release */ = {
			isa = XCBuildConfiguration;
			baseConfigurationReference = FCD42F2FB913BC1AA8964035 /* Pods-NewsApp.release.xcconfig */;
			buildSettings = {
				ASSETCATALOG_COMPILER_APPICON_NAME = AppIcon;
				CLANG_ENABLE_MODULES = YES;
				CODE_SIGN_IDENTITY = "Apple Development";
				CODE_SIGN_STYLE = Automatic;
				DEVELOPMENT_TEAM = F5J3Y7HQH4;
				INFOPLIST_FILE = "$(SRCROOT)/NewsApp/Supporting Files/Info.plist";
				LD_RUNPATH_SEARCH_PATHS = (
					"$(inherited)",
					"@executable_path/Frameworks",
				);
				PRODUCT_BUNDLE_IDENTIFIER = com.TestNewsApp1;
				PRODUCT_NAME = "$(TARGET_NAME)";
				PROVISIONING_PROFILE_SPECIFIER = "";
				SWIFT_VERSION = 5.0;
				TARGETED_DEVICE_FAMILY = 1;
			};
			name = Release;
		};
/* End XCBuildConfiguration section */

/* Begin XCConfigurationList section */
		1CDFEE2A24ED550C003D5B65 /* Build configuration list for PBXProject "NewsApp" */ = {
			isa = XCConfigurationList;
			buildConfigurations = (
				1CDFEE4124ED5512003D5B65 /* Debug */,
				1CDFEE4224ED5512003D5B65 /* Release */,
			);
			defaultConfigurationIsVisible = 0;
			defaultConfigurationName = Release;
		};
		1CDFEE4324ED5512003D5B65 /* Build configuration list for PBXNativeTarget "NewsApp" */ = {
			isa = XCConfigurationList;
			buildConfigurations = (
				1CDFEE4424ED5512003D5B65 /* Debug */,
				1CDFEE4524ED5512003D5B65 /* Release */,
			);
			defaultConfigurationIsVisible = 0;
			defaultConfigurationName = Release;
		};
/* End XCConfigurationList section */
	};
	rootObject = 1CDFEE2724ED550C003D5B65 /* Project object */;
}
